{
  "name": "linlang",
  "version": "0.0.23",
  "lockfileVersion": 1,
  "requires": true,
  "dependencies": {
    "lodash": {
      "version": "4.17.13",
      "resolved": "https://registry.npmjs.org/lodash/-/lodash-4.17.13.tgz",
      "integrity": "sha512-vm3/XWXfWtRua0FkUyEHBZy8kCPjErNBT9fJx8Zvs+U6zjqPbTUOpkaoum3O5uiA8sm+yNMHXfYkTUHFoMxFNA=="
    },
    "string.fromcodepoint": {
      "version": "0.2.1",
      "resolved": "https://registry.npmjs.org/string.fromcodepoint/-/string.fromcodepoint-0.2.1.tgz",
      "integrity": "sha1-jZeDM8C8klOPUPOD5IiPPlYZ1lM="
    },
    "unescape-js": {
      "version": "1.1.1",
      "resolved": "https://registry.npmjs.org/unescape-js/-/unescape-js-1.1.1.tgz",
      "integrity": "sha512-2/6CdybfFt9fzYJhCD6SHfBnqCGNfjhMwPK9Pf+sJRloa/WmyAmxdBVOslOIYkvSIRKX+9xGePF5t1tugtZ63g==",
      "requires": {
        "string.fromcodepoint": "^0.2.1"
      }
    }
  }
}
